
Microsoft Visual Studio Solution File, Format Version 12.00
# Visual Studio Version 17
VisualStudioVersion = 17.0.31903.59
MinimumVisualStudioVersion = 10.0.40219.1
Project("{2150E333-8FDC-42A3-9474-1A3956D46DE8}") = "src", "src", "{827E0CD3-B72D-47B6-A68D-7590B98EB39B}"
EndProject
Project("{FAE04EC0-301F-11D3-BF4B-00C04F79EFBC}") = "SyncCoordinator.AppHost", "src\SyncCoordinator.AppHost\SyncCoordinator.AppHost.csproj", "{FA3BCE99-0E07-4F73-A0F4-A48F20DE3C27}"
EndProject
Project("{FAE04EC0-301F-11D3-BF4B-00C04F79EFBC}") = "SyncCoordinator.Contracts", "src\SyncCoordinator.Contracts\SyncCoordinator.Contracts.csproj", "{E9765ED9-5462-47F9-892E-BC3E76E42F47}"
EndProject
Project("{FAE04EC0-301F-11D3-BF4B-00C04F79EFBC}") = "SyncCoordinator.Core", "src\SyncCoordinator.Core\SyncCoordinator.Core.csproj", "{FE1862B2-0408-440E-97A8-49B6ED5C777B}"
EndProject
Project("{FAE04EC0-301F-11D3-BF4B-00C04F79EFBC}") = "SyncCoordinator.Infrastructure", "src\SyncCoordinator.Infrastructure\SyncCoordinator.Infrastructure.csproj", "{CD3E092F-7007-452E-A890-C5E61340022A}"
EndProject
Project("{FAE04EC0-301F-11D3-BF4B-00C04F79EFBC}") = "SyncCoordinator.ServiceDefaults", "src\SyncCoordinator.ServiceDefaults\SyncCoordinator.ServiceDefaults.csproj", "{BC587508-01CF-4C54-BC50-01E2412BCCF7}"
EndProject
Project("{FAE04EC0-301F-11D3-BF4B-00C04F79EFBC}") = "SyncCoordinator.Web", "src\SyncCoordinator.Web\SyncCoordinator.Web.csproj", "{CC6BDFD1-8C70-4ADC-A64B-008276FE373D}"
EndProject
Project("{FAE04EC0-301F-11D3-BF4B-00C04F79EFBC}") = "SyncCoordinator.Worker", "src\SyncCoordinator.Worker\SyncCoordinator.Worker.csproj", "{6A79CC32-8907-49E4-939C-1247055E9653}"
EndProject
Project("{2150E333-8FDC-42A3-9474-1A3956D46DE8}") = "tests", "tests", "{0AB3BF05-4346-4AA6-1389-037BE0695223}"
EndProject
Project("{FAE04EC0-301F-11D3-BF4B-00C04F79EFBC}") = "SyncCoordinator.Tests", "tests\SyncCoordinator.Tests\SyncCoordinator.Tests.csproj", "{62FF976E-4005-4138-9C8B-329DAD64A674}"
EndProject
Project("{2150E333-8FDC-42A3-9474-1A3956D46DE8}") = "demos", "demos", "{FA8A28C8-4B59-8028-2ACF-626D05B08DB7}"
EndProject
Project("{FAE04EC0-301F-11D3-BF4B-00C04F79EFBC}") = "SyncCoordinator.Demo.Crm", "demos\Crm\SyncCoordinator.Demo.Crm.csproj", "{BD4F5449-98DD-4BE4-B0F7-D3CF5879732D}"
EndProject
Project("{FAE04EC0-301F-11D3-BF4B-00C04F79EFBC}") = "SyncCoordinator.E2ETests", "tests\SyncCoordinator.E2ETests\SyncCoordinator.E2ETests.csproj", "{D3B74291-4D27-4414-91D3-233D2F4221B2}"
EndProject
Global
	GlobalSection(SolutionConfigurationPlatforms) = preSolution
		Debug|Any CPU = Debug|Any CPU
		Debug|x64 = Debug|x64
		Debug|x86 = Debug|x86
		Release|Any CPU = Release|Any CPU
		Release|x64 = Release|x64
		Release|x86 = Release|x86
	EndGlobalSection
	GlobalSection(ProjectConfigurationPlatforms) = postSolution
		{FA3BCE99-0E07-4F73-A0F4-A48F20DE3C27}.Debug|Any CPU.ActiveCfg = Debug|Any CPU
		{FA3BCE99-0E07-4F73-A0F4-A48F20DE3C27}.Debug|Any CPU.Build.0 = Debug|Any CPU
		{FA3BCE99-0E07-4F73-A0F4-A48F20DE3C27}.Debug|x64.ActiveCfg = Debug|Any CPU
		{FA3BCE99-0E07-4F73-A0F4-A48F20DE3C27}.Debug|x64.Build.0 = Debug|Any CPU
		{FA3BCE99-0E07-4F73-A0F4-A48F20DE3C27}.Debug|x86.ActiveCfg = Debug|Any CPU
		{FA3BCE99-0E07-4F73-A0F4-A48F20DE3C27}.Debug|x86.Build.0 = Debug|Any CPU
		{FA3BCE99-0E07-4F73-A0F4-A48F20DE3C27}.Release|Any CPU.ActiveCfg = Release|Any CPU
		{FA3BCE99-0E07-4F73-A0F4-A48F20DE3C27}.Release|Any CPU.Build.0 = Release|Any CPU
		{FA3BCE99-0E07-4F73-A0F4-A48F20DE3C27}.Release|x64.ActiveCfg = Release|Any CPU
		{FA3BCE99-0E07-4F73-A0F4-A48F20DE3C27}.Release|x64.Build.0 = Release|Any CPU
		{FA3BCE99-0E07-4F73-A0F4-A48F20DE3C27}.Release|x86.ActiveCfg = Release|Any CPU
		{FA3BCE99-0E07-4F73-A0F4-A48F20DE3C27}.Release|x86.Build.0 = Release|Any CPU
		{E9765ED9-5462-47F9-892E-BC3E76E42F47}.Debug|Any CPU.ActiveCfg = Debug|Any CPU
		{E9765ED9-5462-47F9-892E-BC3E76E42F47}.Debug|Any CPU.Build.0 = Debug|Any CPU
		{E9765ED9-5462-47F9-892E-BC3E76E42F47}.Debug|x64.ActiveCfg = Debug|Any CPU
		{E9765ED9-5462-47F9-892E-BC3E76E42F47}.Debug|x64.Build.0 = Debug|Any CPU
		{E9765ED9-5462-47F9-892E-BC3E76E42F47}.Debug|x86.ActiveCfg = Debug|Any CPU
		{E9765ED9-5462-47F9-892E-BC3E76E42F47}.Debug|x86.Build.0 = Debug|Any CPU
		{E9765ED9-5462-47F9-892E-BC3E76E42F47}.Release|Any CPU.ActiveCfg = Release|Any CPU
		{E9765ED9-5462-47F9-892E-BC3E76E42F47}.Release|Any CPU.Build.0 = Release|Any CPU
		{E9765ED9-5462-47F9-892E-BC3E76E42F47}.Release|x64.ActiveCfg = Release|Any CPU
		{E9765ED9-5462-47F9-892E-BC3E76E42F47}.Release|x64.Build.0 = Release|Any CPU
		{E9765ED9-5462-47F9-892E-BC3E76E42F47}.Release|x86.ActiveCfg = Release|Any CPU
		{E9765ED9-5462-47F9-892E-BC3E76E42F47}.Release|x86.Build.0 = Release|Any CPU
		{FE1862B2-0408-440E-97A8-49B6ED5C777B}.Debug|Any CPU.ActiveCfg = Debug|Any CPU
		{FE1862B2-0408-440E-97A8-49B6ED5C777B}.Debug|Any CPU.Build.0 = Debug|Any CPU
		{FE1862B2-0408-440E-97A8-49B6ED5C777B}.Debug|x64.ActiveCfg = Debug|Any CPU
		{FE1862B2-0408-440E-97A8-49B6ED5C777B}.Debug|x64.Build.0 = Debug|Any CPU
		{FE1862B2-0408-440E-97A8-49B6ED5C777B}.Debug|x86.ActiveCfg = Debug|Any CPU
		{FE1862B2-0408-440E-97A8-49B6ED5C777B}.Debug|x86.Build.0 = Debug|Any CPU
		{FE1862B2-0408-440E-97A8-49B6ED5C777B}.Release|Any CPU.ActiveCfg = Release|Any CPU
		{FE1862B2-0408-440E-97A8-49B6ED5C777B}.Release|Any CPU.Build.0 = Release|Any CPU
		{FE1862B2-0408-440E-97A8-49B6ED5C777B}.Release|x64.ActiveCfg = Release|Any CPU
		{FE1862B2-0408-440E-97A8-49B6ED5C777B}.Release|x64.Build.0 = Release|Any CPU
		{FE1862B2-0408-440E-97A8-49B6ED5C777B}.Release|x86.ActiveCfg = Release|Any CPU
		{FE1862B2-0408-440E-97A8-49B6ED5C777B}.Release|x86.Build.0 = Release|Any CPU
		{CD3E092F-7007-452E-A890-C5E61340022A}.Debug|Any CPU.ActiveCfg = Debug|Any CPU
		{CD3E092F-7007-452E-A890-C5E61340022A}.Debug|Any CPU.Build.0 = Debug|Any CPU
		{CD3E092F-7007-452E-A890-C5E61340022A}.Debug|x64.ActiveCfg = Debug|Any CPU
		{CD3E092F-7007-452E-A890-C5E61340022A}.Debug|x64.Build.0 = Debug|Any CPU
		{CD3E092F-7007-452E-A890-C5E61340022A}.Debug|x86.ActiveCfg = Debug|Any CPU
		{CD3E092F-7007-452E-A890-C5E61340022A}.Debug|x86.Build.0 = Debug|Any CPU
		{CD3E092F-7007-452E-A890-C5E61340022A}.Release|Any CPU.ActiveCfg = Release|Any CPU
		{CD3E092F-7007-452E-A890-C5E61340022A}.Release|Any CPU.Build.0 = Release|Any CPU
		{CD3E092F-7007-452E-A890-C5E61340022A}.Release|x64.ActiveCfg = Release|Any CPU
		{CD3E092F-7007-452E-A890-C5E61340022A}.Release|x64.Build.0 = Release|Any CPU
		{CD3E092F-7007-452E-A890-C5E61340022A}.Release|x86.ActiveCfg = Release|Any CPU
		{CD3E092F-7007-452E-A890-C5E61340022A}.Release|x86.Build.0 = Release|Any CPU
		{BC587508-01CF-4C54-BC50-01E2412BCCF7}.Debug|Any CPU.ActiveCfg = Debug|Any CPU
		{BC587508-01CF-4C54-BC50-01E2412BCCF7}.Debug|Any CPU.Build.0 = Debug|Any CPU
		{BC587508-01CF-4C54-BC50-01E2412BCCF7}.Debug|x64.ActiveCfg = Debug|Any CPU
		{BC587508-01CF-4C54-BC50-01E2412BCCF7}.Debug|x64.Build.0 = Debug|Any CPU
		{BC587508-01CF-4C54-BC50-01E2412BCCF7}.Debug|x86.ActiveCfg = Debug|Any CPU
		{BC587508-01CF-4C54-BC50-01E2412BCCF7}.Debug|x86.Build.0 = Debug|Any CPU
		{BC587508-01CF-4C54-BC50-01E2412BCCF7}.Release|Any CPU.ActiveCfg = Release|Any CPU
		{BC587508-01CF-4C54-BC50-01E2412BCCF7}.Release|Any CPU.Build.0 = Release|Any CPU
		{BC587508-01CF-4C54-BC50-01E2412BCCF7}.Release|x64.ActiveCfg = Release|Any CPU
		{BC587508-01CF-4C54-BC50-01E2412BCCF7}.Release|x64.Build.0 = Release|Any CPU
		{BC587508-01CF-4C54-BC50-01E2412BCCF7}.Release|x86.ActiveCfg = Release|Any CPU
		{BC587508-01CF-4C54-BC50-01E2412BCCF7}.Release|x86.Build.0 = Release|Any CPU
		{CC6BDFD1-8C70-4ADC-A64B-008276FE373D}.Debug|Any CPU.ActiveCfg = Debug|Any CPU
		{CC6BDFD1-8C70-4ADC-A64B-008276FE373D}.Debug|Any CPU.Build.0 = Debug|Any CPU
		{CC6BDFD1-8C70-4ADC-A64B-008276FE373D}.Debug|x64.ActiveCfg = Debug|Any CPU
		{CC6BDFD1-8C70-4ADC-A64B-008276FE373D}.Debug|x64.Build.0 = Debug|Any CPU
		{CC6BDFD1-8C70-4ADC-A64B-008276FE373D}.Debug|x86.ActiveCfg = Debug|Any CPU
		{CC6BDFD1-8C70-4ADC-A64B-008276FE373D}.Debug|x86.Build.0 = Debug|Any CPU
		{CC6BDFD1-8C70-4ADC-A64B-008276FE373D}.Release|Any CPU.ActiveCfg = Release|Any CPU
		{CC6BDFD1-8C70-4ADC-A64B-008276FE373D}.Release|Any CPU.Build.0 = Release|Any CPU
		{CC6BDFD1-8C70-4ADC-A64B-008276FE373D}.Release|x64.ActiveCfg = Release|Any CPU
		{CC6BDFD1-8C70-4ADC-A64B-008276FE373D}.Release|x64.Build.0 = Release|Any CPU
		{CC6BDFD1-8C70-4ADC-A64B-008276FE373D}.Release|x86.ActiveCfg = Release|Any CPU
		{CC6BDFD1-8C70-4ADC-A64B-008276FE373D}.Release|x86.Build.0 = Release|Any CPU
		{6A79CC32-8907-49E4-939C-1247055E9653}.Debug|Any CPU.ActiveCfg = Debug|Any CPU
		{6A79CC32-8907-49E4-939C-1247055E9653}.Debug|Any CPU.Build.0 = Debug|Any CPU
		{6A79CC32-8907-49E4-939C-1247055E9653}.Debug|x64.ActiveCfg = Debug|Any CPU
		{6A79CC32-8907-49E4-939C-1247055E9653}.Debug|x64.Build.0 = Debug|Any CPU
		{6A79CC32-8907-49E4-939C-1247055E9653}.Debug|x86.ActiveCfg = Debug|Any CPU
		{6A79CC32-8907-49E4-939C-1247055E9653}.Debug|x86.Build.0 = Debug|Any CPU
		{6A79CC32-8907-49E4-939C-1247055E9653}.Release|Any CPU.ActiveCfg = Release|Any CPU
		{6A79CC32-8907-49E4-939C-1247055E9653}.Release|Any CPU.Build.0 = Release|Any CPU
		{6A79CC32-8907-49E4-939C-1247055E9653}.Release|x64.ActiveCfg = Release|Any CPU
		{6A79CC32-8907-49E4-939C-1247055E9653}.Release|x64.Build.0 = Release|Any CPU
		{6A79CC32-8907-49E4-939C-1247055E9653}.Release|x86.ActiveCfg = Release|Any CPU
		{6A79CC32-8907-49E4-939C-1247055E9653}.Release|x86.Build.0 = Release|Any CPU
		{62FF976E-4005-4138-9C8B-329DAD64A674}.Debug|Any CPU.ActiveCfg = Debug|Any CPU
		{62FF976E-4005-4138-9C8B-329DAD64A674}.Debug|Any CPU.Build.0 = Debug|Any CPU
		{62FF976E-4005-4138-9C8B-329DAD64A674}.Debug|x64.ActiveCfg = Debug|Any CPU
		{62FF976E-4005-4138-9C8B-329DAD64A674}.Debug|x64.Build.0 = Debug|Any CPU
		{62FF976E-4005-4138-9C8B-329DAD64A674}.Debug|x86.ActiveCfg = Debug|Any CPU
		{62FF976E-4005-4138-9C8B-329DAD64A674}.Debug|x86.Build.0 = Debug|Any CPU
		{62FF976E-4005-4138-9C8B-329DAD64A674}.Release|Any CPU.ActiveCfg = Release|Any CPU
		{62FF976E-4005-4138-9C8B-329DAD64A674}.Release|Any CPU.Build.0 = Release|Any CPU
		{62FF976E-4005-4138-9C8B-329DAD64A674}.Release|x64.ActiveCfg = Release|Any CPU
		{62FF976E-4005-4138-9C8B-329DAD64A674}.Release|x64.Build.0 = Release|Any CPU
		{62FF976E-4005-4138-9C8B-329DAD64A674}.Release|x86.ActiveCfg = Release|Any CPU
		{62FF976E-4005-4138-9C8B-329DAD64A674}.Release|x86.Build.0 = Release|Any CPU
		{BD4F5449-98DD-4BE4-B0F7-D3CF5879732D}.Debug|Any CPU.ActiveCfg = Debug|Any CPU
		{BD4F5449-98DD-4BE4-B0F7-D3CF5879732D}.Debug|Any CPU.Build.0 = Debug|Any CPU
		{BD4F5449-98DD-4BE4-B0F7-D3CF5879732D}.Debug|x64.ActiveCfg = Debug|Any CPU
		{BD4F5449-98DD-4BE4-B0F7-D3CF5879732D}.Debug|x64.Build.0 = Debug|Any CPU
		{BD4F5449-98DD-4BE4-B0F7-D3CF5879732D}.Debug|x86.ActiveCfg = Debug|Any CPU
		{BD4F5449-98DD-4BE4-B0F7-D3CF5879732D}.Debug|x86.Build.0 = Debug|Any CPU
		{BD4F5449-98DD-4BE4-B0F7-D3CF5879732D}.Release|Any CPU.ActiveCfg = Release|Any CPU
		{BD4F5449-98DD-4BE4-B0F7-D3CF5879732D}.Release|Any CPU.Build.0 = Release|Any CPU
		{BD4F5449-98DD-4BE4-B0F7-D3CF5879732D}.Release|x64.ActiveCfg = Release|Any CPU
		{BD4F5449-98DD-4BE4-B0F7-D3CF5879732D}.Release|x64.Build.0 = Release|Any CPU
		{BD4F5449-98DD-4BE4-B0F7-D3CF5879732D}.Release|x86.ActiveCfg = Release|Any CPU
		{BD4F5449-98DD-4BE4-B0F7-D3CF5879732D}.Release|x86.Build.0 = Release|Any CPU
		{D3B74291-4D27-4414-91D3-233D2F4221B2}.Debug|Any CPU.ActiveCfg = Debug|Any CPU
		{D3B74291-4D27-4414-91D3-233D2F4221B2}.Debug|Any CPU.Build.0 = Debug|Any CPU
		{D3B74291-4D27-4414-91D3-233D2F4221B2}.Debug|x64.ActiveCfg = Debug|Any CPU
		{D3B74291-4D27-4414-91D3-233D2F4221B2}.Debug|x64.Build.0 = Debug|Any CPU
		{D3B74291-4D27-4414-91D3-233D2F4221B2}.Debug|x86.ActiveCfg = Debug|Any CPU
		{D3B74291-4D27-4414-91D3-233D2F4221B2}.Debug|x86.Build.0 = Debug|Any CPU
		{D3B74291-4D27-4414-91D3-233D2F4221B2}.Release|Any CPU.ActiveCfg = Release|Any CPU
		{D3B74291-4D27-4414-91D3-233D2F4221B2}.Release|Any CPU.Build.0 = Release|Any CPU
		{D3B74291-4D27-4414-91D3-233D2F4221B2}.Release|x64.ActiveCfg = Release|Any CPU
		{D3B74291-4D27-4414-91D3-233D2F4221B2}.Release|x64.Build.0 = Release|Any CPU
		{D3B74291-4D27-4414-91D3-233D2F4221B2}.Release|x86.ActiveCfg = Release|Any CPU
		{D3B74291-4D27-4414-91D3-233D2F4221B2}.Release|x86.Build.0 = Release|Any CPU
	EndGlobalSection
	GlobalSection(SolutionProperties) = preSolution
		HideSolutionNode = FALSE
	EndGlobalSection
	GlobalSection(NestedProjects) = preSolution
		{FA3BCE99-0E07-4F73-A0F4-A48F20DE3C27} = {827E0CD3-B72D-47B6-A68D-7590B98EB39B}
		{E9765ED9-5462-47F9-892E-BC3E76E42F47} = {827E0CD3-B72D-47B6-A68D-7590B98EB39B}
		{FE1862B2-0408-440E-97A8-49B6ED5C777B} = {827E0CD3-B72D-47B6-A68D-7590B98EB39B}
		{CD3E092F-7007-452E-A890-C5E61340022A} = {827E0CD3-B72D-47B6-A68D-7590B98EB39B}
		{BC587508-01CF-4C54-BC50-01E2412BCCF7} = {827E0CD3-B72D-47B6-A68D-7590B98EB39B}
		{CC6BDFD1-8C70-4ADC-A64B-008276FE373D} = {827E0CD3-B72D-47B6-A68D-7590B98EB39B}
		{6A79CC32-8907-49E4-939C-1247055E9653} = {827E0CD3-B72D-47B6-A68D-7590B98EB39B}
		{62FF976E-4005-4138-9C8B-329DAD64A674} = {0AB3BF05-4346-4AA6-1389-037BE0695223}
		{BD4F5449-98DD-4BE4-B0F7-D3CF5879732D} = {FA8A28C8-4B59-8028-2ACF-626D05B08DB7}
		{D3B74291-4D27-4414-91D3-233D2F4221B2} = {0AB3BF05-4346-4AA6-1389-037BE0695223}
	EndGlobalSection
EndGlobal
